{
  "name": "@brizer/module-c",
  "version": "1.0.0",
  "lockfileVersion": 1,
  "requires": true,
  "dependencies": {
    "@brizer/module-a": {
      "version": "1.0.0",
      "resolved": "https://registry.npmjs.org/@brizer/module-a/-/module-a-1.0.0.tgz",
      "integrity": "sha512-MwNziLCY1uX9mNRR931usAJFkKaGLhNhqcB/hH9I4UHkWH2FZZrZ5j1WCMzUd7Jus1lwUpI+Smf7rEu5RFbXKA=="
    },
    "@brizer/module-b": {
      "version": "1.0.0",
      "resolved": "https://registry.npmjs.org/@brizer/module-b/-/module-b-1.0.0.tgz",
      "integrity": "sha512-Pyl+IMBdTOaGjQ8kB0OF4NamW7eArj8J/xccqi1XCJv6PlE7QYnpY3sxiz5dMhKuAwtJjNmyF98ufmagBhCvWQ=="
    }
  }
}
